
Microsoft Visual Studio Solution File, Format Version 12.00
# Visual Studio for Mac
Project("{FAE04EC0-301F-11D3-BF4B-00C04F79EFBC}") = "AR TEST", "Assembly-CSharp.csproj", "{547B93E7-36EA-7FC7-072A-530B481FEA7E}"
EndProject
Project("{FAE04EC0-301F-11D3-BF4B-00C04F79EFBC}") = "AR TEST", "Assembly-CSharp-Editor.csproj", "{84466D29-CDC1-A146-6AD9-1D13BB9DB830}"
EndProject
Global
	GlobalSection(SolutionConfigurationPlatforms) = preSolution
		Debug|Any CPU = Debug|Any CPU
		Release|Any CPU = Release|Any CPU
	EndGlobalSection
	GlobalSection(ProjectConfigurationPlatforms) = postSolution
		{547B93E7-36EA-7FC7-072A-530B481FEA7E}.Debug|Any CPU.ActiveCfg = Debug|Any CPU
		{547B93E7-36EA-7FC7-072A-530B481FEA7E}.Debug|Any CPU.Build.0 = Debug|Any CPU
		{547B93E7-36EA-7FC7-072A-530B481FEA7E}.Release|Any CPU.ActiveCfg = Release|Any CPU
		{547B93E7-36EA-7FC7-072A-530B481FEA7E}.Release|Any CPU.Build.0 = Release|Any CPU
		{84466D29-CDC1-A146-6AD9-1D13BB9DB830}.Debug|Any CPU.ActiveCfg = Debug|Any CPU
		{84466D29-CDC1-A146-6AD9-1D13BB9DB830}.Debug|Any CPU.Build.0 = Debug|Any CPU
		{84466D29-CDC1-A146-6AD9-1D13BB9DB830}.Release|Any CPU.ActiveCfg = Release|Any CPU
		{84466D29-CDC1-A146-6AD9-1D13BB9DB830}.Release|Any CPU.Build.0 = Release|Any CPU
	EndGlobalSection
	GlobalSection(SolutionProperties) = preSolution
		HideSolutionNode = FALSE
	EndGlobalSection
EndGlobal
